// !$*UTF8*$!
{
	archiveVersion = 1;
	classes = {
	};
	objectVersion = 48;
	objects = {

/* Begin PBXBuildFile section */
		AA49D2EA1F735E9D002B8394 /* AppDelegate.m in Sources */ = {isa = PBXBuildFile; fileRef = AA49D2E91F735E9D002B8394 /* AppDelegate.m */; };
		AA49D2EC1F735E9D002B8394 /* art.scnassets in Resources */ = {isa = PBXBuildFile; fileRef = AA49D2EB1F735E9D002B8394 /* art.scnassets */; };
		AA49D2EF1F735E9D002B8394 /* ViewController.m in Sources */ = {isa = PBXBuildFile; fileRef = AA49D2EE1F735E9D002B8394 /* ViewController.m */; };
		AA49D2F21F735E9D002B8394 /* Main.storyboard in Resources */ = {isa = PBXBuildFile; fileRef = AA49D2F01F735E9D002B8394 /* Main.storyboard */; };
		AA49D2F41F735E9D002B8394 /* Assets.xcassets in Resources */ = {isa = PBXBuildFile; fileRef = AA49D2F31F735E9D002B8394 /* Assets.xcassets */; };
		AA49D2F71F735E9D002B8394 /* LaunchScreen.storyboard in Resources */ = {isa = PBXBuildFile; fileRef = AA49D2F51F735E9D002B8394 /* LaunchScreen.storyboard */; };
		AA49D2FA1F735E9D002B8394 /* main.m in Sources */ = {isa = PBXBuildFile; fileRef = AA49D2F91F735E9D002B8394 /* main.m */; };
/* End PBXBuildFile section */

/* Begin PBXFileReference section */
		AA49D2E51F735E9D002B8394 /* ARKitResearch.app */ = {isa = PBXFileReference; explicitFileType = wrapper.application; includeInIndex = 0; path = ARKitResearch.app; sourceTree = BUILT_PRODUCTS_DIR; };
		AA49D2E81F735E9D002B8394 /* AppDelegate.h */ = {isa = PBXFileReference; lastKnownFileType = sourcecode.c.h; path = AppDelegate.h; sourceTree = "<group>"; };
		AA49D2E91F735E9D002B8394 /* AppDelegate.m */ = {isa = PBXFileReference; lastKnownFileType = sourcecode.c.objc; path = AppDelegate.m; sourceTree = "<group>"; };
		AA49D2EB1F735E9D002B8394 /* art.scnassets */ = {isa = PBXFileReference; lastKnownFileType = wrapper.scnassets; path = art.scnassets; sourceTree = "<group>"; };
		AA49D2ED1F735E9D002B8394 /* ViewController.h */ = {isa = PBXFileReference; lastKnownFileType = sourcecode.c.h; path = ViewController.h; sourceTree = "<group>"; };
		AA49D2EE1F735E9D002B8394 /* ViewController.m */ = {isa = PBXFileReference; lastKnownFileType = sourcecode.c.objc; path = ViewController.m; sourceTree = "<group>"; };
		AA49D2F11F735E9D002B8394 /* Base */ = {isa = PBXFileReference; lastKnownFileType = file.storyboard; name = Base; path = Base.lproj/Main.storyboard; sourceTree = "<group>"; };
		AA49D2F31F735E9D002B8394 /* Assets.xcassets */ = {isa = PBXFileReference; lastKnownFileType = folder.assetcatalog; path = Assets.xcassets; sourceTree = "<group>"; };
		AA49D2F61F735E9D002B8394 /* Base */ = {isa = PBXFileReference; lastKnownFileType = file.storyboard; name = Base; path = Base.lproj/LaunchScreen.storyboard; sourceTree = "<group>"; };
		AA49D2F81F735E9D002B8394 /* Info.plist */ = {isa = PBXFileReference; lastKnownFileType = text.plist.xml; path = Info.plist; sourceTree = "<group>"; };
		AA49D2F91F735E9D002B8394 /* main.m */ = {isa = PBXFileReference; lastKnownFileType = sourcecode.c.objc; path = main.m; sourceTree = "<group>"; };
/* End PBXFileReference section */

/* Begin PBXFrameworksBuildPhase section */
		AA49D2E21F735E9D002B8394 /* Frameworks */ = {
			isa = PBXFrameworksBuildPhase;
			buildActionMask = 2147483647;
			files = (
			);
			runOnlyForDeploymentPostprocessing = 0;
		};
/* End PBXFrameworksBuildPhase section */

/* Begin PBXGroup section */
		AA49D2DC1F735E9D002B8394 = {
			isa = PBXGroup;
			children = (
				AA49D2E71F735E9D002B8394 /* ARKitResearch */,
				AA49D2E61F735E9D002B8394 /* Products */,
			);
			sourceTree = "<group>";
		};
		AA49D2E61F735E9D002B8394 /* Products */ = {
			isa = PBXGroup;
			children = (
				AA49D2E51F735E9D002B8394 /* ARKitResearch.app */,
			);
			name = Products;
			sourceTree = "<group>";
		};
		AA49D2E71F735E9D002B8394 /* ARKitResearch */ = {
			isa = PBXGroup;
			children = (
				AA49D2E81F735E9D002B8394 /* AppDelegate.h */,
				AA49D2E91F735E9D002B8394 /* AppDelegate.m */,
				AA49D2EB1F735E9D002B8394 /* art.scnassets */,
				AA49D2ED1F735E9D002B8394 /* ViewController.h */,
				AA49D2EE1F735E9D002B8394 /* ViewController.m */,
				AA49D2F01F735E9D002B8394 /* Main.storyboard */,
				AA49D2F31F735E9D002B8394 /* Assets.xcassets */,
				AA49D2F51F735E9D002B8394 /* LaunchScreen.storyboard */,
				AA49D2F81F735E9D002B8394 /* Info.plist */,
				AA49D2F91F735E9D002B8394 /* main.m */,
			);
			path = ARKitResearch;
			sourceTree = "<group>";
		};
/* End PBXGroup section */

/* Begin PBXNativeTarget section */
		AA49D2E41F735E9D002B8394 /* ARKitResearch */ = {
			isa = PBXNativeTarget;
			buildConfigurationList = AA49D2FD1F735E9D002B8394 /* Build configuration list for PBXNativeTarget "ARKitResearch" */;
			buildPhases = (
				AA49D2E11F735E9D002B8394 /* Sources */,
				AA49D2E21F735E9D002B8394 /* Frameworks */,
				AA49D2E31F735E9D002B8394 /* Resources */,
			);
			buildRules = (
			);
			dependencies = (
			);
			name = ARKitResearch;
			productName = ARKitResearch;
			productReference = AA49D2E51F735E9D002B8394 /* ARKitResearch.app */;
			productType = "com.apple.product-type.application";
		};
/* End PBXNativeTarget section */

/* Begin PBXProject section */
		AA49D2DD1F735E9D002B8394 /* Project object */ = {
			isa = PBXProject;
			attributes = {
				LastUpgradeCheck = 0900;
				ORGANIZATIONNAME = "Qi Xin";
				TargetAttributes = {
					AA49D2E41F735E9D002B8394 = {
						CreatedOnToolsVersion = 9.0;
					};
				};
			};
			buildConfigurationList = AA49D2E01F735E9D002B8394 /* Build configuration list for PBXProject "ARKitResearch" */;
			compatibilityVersion = "Xcode 8.0";
			developmentRegion = en;
			hasScannedForEncodings = 0;
			knownRegions = (
				en,
				Base,
			);
			mainGroup = AA49D2DC1F735E9D002B8394;
			productRefGroup = AA49D2E61F735E9D002B8394 /* Products */;
			projectDirPath = "";
			projectRoot = "";
			targets = (
				AA49D2E41F735E9D002B8394 /* ARKitResearch */,
			);
		};
/* End PBXProject section */

/* Begin PBXResourcesBuildPhase section */
		AA49D2E31F735E9D002B8394 /* Resources */ = {
			isa = PBXResourcesBuildPhase;
			buildActionMask = 2147483647;
			files = (
				AA49D2EC1F735E9D002B8394 /* art.scnassets in Resources */,
				AA49D2F71F735E9D002B8394 /* LaunchScreen.storyboard in Resources */,
				AA49D2F41F735E9D002B8394 /* Assets.xcassets in Resources */,
				AA49D2F21F735E9D002B8394 /* Main.storyboard in Resources */,
			);
			runOnlyForDeploymentPostprocessing = 0;
		};
/* End PBXResourcesBuildPhase section */

/* Begin PBXSourcesBuildPhase section */
		AA49D2E11F735E9D002B8394 /* Sources */ = {
			isa = PBXSourcesBuildPhase;
			buildActionMask = 2147483647;
			files = (
				AA49D2EF1F735E9D002B8394 /* ViewController.m in Sources */,
				AA49D2FA1F735E9D002B8394 /* main.m in Sources */,
				AA49D2EA1F735E9D002B8394 /* AppDelegate.m in Sources */,
			);
			runOnlyForDeploymentPostprocessing = 0;
		};
/* End PBXSourcesBuildPhase section */

/* Begin PBXVariantGroup section */
		AA49D2F01F735E9D002B8394 /* Main.storyboard */ = {
			isa = PBXVariantGroup;
			children = (
				AA49D2F11F735E9D002B8394 /* Base */,
			);
			name = Main.storyboard;
			sourceTree = "<group>";
		};
		AA49D2F51F735E9D002B8394 /* LaunchScreen.storyboard */ = {
			isa = PBXVariantGroup;
			children = (
				AA49D2F61F735E9D002B8394 /* Base */,
			);
			name = LaunchScreen.storyboard;
			sourceTree = "<group>";
		};
/* End PBXVariantGroup section */

/* Begin XCBuildConfiguration section */
		AA49D2FB1F735E9D002B8394 /* Debug */ = {
			isa = XCBuildConfiguration;
			buildSettings = {
				ALWAYS_SEARCH_USER_PATHS = NO;
				CLANG_ANALYZER_NONNULL = YES;
				CLANG_ANALYZER_NUMBER_OBJECT_CONVERSION = YES_AGGRESSIVE;
				CLANG_CXX_LANGUAGE_STANDARD = "gnu++14";
				CLANG_CXX_LIBRARY = "libc++";
				CLANG_ENABLE_MODULES = YES;
				CLANG_ENABLE_OBJC_ARC = YES;
				CLANG_WARN_BLOCK_CAPTURE_AUTORELEASING = YES;
				CLANG_WARN_BOOL_CONVERSION = YES;
				CLANG_WARN_COMMA = YES;
				CLANG_WARN_CONSTANT_CONVERSION = YES;
				CLANG_WARN_DIRECT_OBJC_ISA_USAGE = YES_ERROR;
				CLANG_WARN_DOCUMENTATION_COMMENTS = YES;
				CLANG_WARN_EMPTY_BODY = YES;
				CLANG_WARN_ENUM_CONVERSION = YES;
				CLANG_WARN_INFINITE_RECURSION = YES;
				CLANG_WARN_INT_CONVERSION = YES;
				CLANG_WARN_NON_LITERAL_NULL_CONVERSION = YES;
				CLANG_WARN_OBJC_LITERAL_CONVERSION = YES;
				CLANG_WARN_OBJC_ROOT_CLASS = YES_ERROR;
				CLANG_WARN_RANGE_LOOP_ANALYSIS = YES;
				CLANG_WARN_STRICT_PROTOTYPES = YES;
				CLANG_WARN_SUSPICIOUS_MOVE = YES;
				CLANG_WARN_UNGUARDED_AVAILABILITY = YES_AGGRESSIVE;
				CLANG_WARN_UNREACHABLE_CODE = YES;
				CLANG_WARN__DUPLICATE_METHOD_MATCH = YES;
				CODE_SIGN_IDENTITY = "iPhone Developer";
				COPY_PHASE_STRIP = NO;
				DEBUG_INFORMATION_FORMAT = dwarf;
				ENABLE_STRICT_OBJC_MSGSEND = YES;
				ENABLE_TESTABILITY = YES;
				GCC_C_LANGUAGE_STANDARD = gnu11;
				GCC_DYNAMIC_NO_PIC = NO;
				GCC_NO_COMMON_BLOCKS = YES;
				GCC_OPTIMIZATION_LEVEL = 0;
				GCC_PREPROCESSOR_DEFINITIONS = (
					"DEBUG=1",
					"$(inherited)",
				);
				GCC_WARN_64_TO_32_BIT_CONVERSION = YES;
				GCC_WARN_ABOUT_RETURN_TYPE = YES_ERROR;
				GCC_WARN_UNDECLARED_SELECTOR = YES;
				GCC_WARN_UNINITIALIZED_AUTOS = YES_AGGRESSIVE;
				GCC_WARN_UNUSED_FUNCTION = YES;
				GCC_WARN_UNUSED_VARIABLE = YES;
				IPHONEOS_DEPLOYMENT_TARGET = 11.0;
				MTL_ENABLE_DEBUG_INFO = YES;
				ONLY_ACTIVE_ARCH = YES;
				SDKROOT = iphoneos;
			};
			name = Debug;
		};
		AA49D2FC1F735E9D002B8394 /* Release */ = {
			isa = XCBuildConfiguration;
			buildSettings = {
				ALWAYS_SEARCH_USER_PATHS = NO;
				CLANG_ANALYZER_NONNULL = YES;
				CLANG_ANALYZER_NUMBER_OBJECT_CONVERSION = YES_AGGRESSIVE;
				CLANG_CXX_LANGUAGE_STANDARD = "gnu++14";
				CLANG_CXX_LIBRARY = "libc++";
				CLANG_ENABLE_MODULES = YES;
				CLANG_ENABLE_OBJC_ARC = YES;
				CLANG_WARN_BLOCK_CAPTURE_AUTORELEASING = YES;
				CLANG_WARN_BOOL_CONVERSION = YES;
				CLANG_WARN_COMMA = YES;
				CLANG_WARN_CONSTANT_CONVERSION = YES;
				CLANG_WARN_DIRECT_OBJC_ISA_USAGE = YES_ERROR;
				CLANG_WARN_DOCUMENTATION_COMMENTS = YES;
				CLANG_WARN_EMPTY_BODY = YES;
				CLANG_WARN_ENUM_CONVERSION = YES;
				CLANG_WARN_INFINITE_RECURSION = YES;
				CLANG_WARN_INT_CONVERSION = YES;
				CLANG_WARN_NON_LITERAL_NULL_CONVERSION = YES;
				CLANG_WARN_OBJC_LITERAL_CONVERSION = YES;
				CLANG_WARN_OBJC_ROOT_CLASS = YES_ERROR;
				CLANG_WARN_RANGE_LOOP_ANALYSIS = YES;
				CLANG_WARN_STRICT_PROTOTYPES = YES;
				CLANG_WARN_SUSPICIOUS_MOVE = YES;
				CLANG_WARN_UNGUARDED_AVAILABILITY = YES_AGGRESSIVE;
				CLANG_WARN_UNREACHABLE_CODE = YES;
				CLANG_WARN__DUPLICATE_METHOD_MATCH = YES;
				CODE_SIGN_IDENTITY = "iPhone Developer";
				COPY_PHASE_STRIP = NO;
				DEBUG_INFORMATION_FORMAT = "dwarf-with-dsym";
				ENABLE_NS_ASSERTIONS = NO;
				ENABLE_STRICT_OBJC_MSGSEND = YES;
				GCC_C_LANGUAGE_STANDARD = gnu11;
				GCC_NO_COMMON_BLOCKS = YES;
				GCC_WARN_64_TO_32_BIT_CONVERSION = YES;
				GCC_WARN_ABOUT_RETURN_TYPE = YES_ERROR;
				GCC_WARN_UNDECLARED_SELECTOR = YES;
				GCC_WARN_UNINITIALIZED_AUTOS = YES_AGGRESSIVE;
				GCC_WARN_UNUSED_FUNCTION = YES;
				GCC_WARN_UNUSED_VARIABLE = YES;
				IPHONEOS_DEPLOYMENT_TARGET = 11.0;
				MTL_ENABLE_DEBUG_INFO = NO;
				SDKROOT = iphoneos;
				VALIDATE_PRODUCT = YES;
			};
			name = Release;
		};
		AA49D2FE1F735E9D002B8394 /* Debug */ = {
			isa = XCBuildConfiguration;
			buildSettings = {
				ASSETCATALOG_COMPILER_APPICON_NAME = AppIcon;
				DEVELOPMENT_TEAM = LESEXUKLEU;
				INFOPLIST_FILE = ARKitResearch/Info.plist;
				LD_RUNPATH_SEARCH_PATHS = "$(inherited) @executable_path/Frameworks";
				PRODUCT_BUNDLE_IDENTIFIER = com.feinno.com.ARKitResearch;
				PRODUCT_NAME = "$(TARGET_NAME)";
				TARGETED_DEVICE_FAMILY = "1,2";
			};
			name = Debug;
		};
		AA49D2FF1F735E9D002B8394 /* Release */ = {
			isa = XCBuildConfiguration;
			buildSettings = {
				ASSETCATALOG_COMPILER_APPICON_NAME = AppIcon;
				DEVELOPMENT_TEAM = LESEXUKLEU;
				INFOPLIST_FILE = ARKitResearch/Info.plist;
				LD_RUNPATH_SEARCH_PATHS = "$(inherited) @executable_path/Frameworks";
				PRODUCT_BUNDLE_IDENTIFIER = com.feinno.com.ARKitResearch;
				PRODUCT_NAME = "$(TARGET_NAME)";
				TARGETED_DEVICE_FAMILY = "1,2";
			};
			name = Release;
		};
/* End XCBuildConfiguration section */

/* Begin XCConfigurationList section */
		AA49D2E01F735E9D002B8394 /* Build configuration list for PBXProject "ARKitResearch" */ = {
			isa = XCConfigurationList;
			buildConfigurations = (
				AA49D2FB1F735E9D002B8394 /* Debug */,
				AA49D2FC1F735E9D002B8394 /* Release */,
			);
			defaultConfigurationIsVisible = 0;
			defaultConfigurationName = Release;
		};
		AA49D2FD1F735E9D002B8394 /* Build configuration list for PBXNativeTarget "ARKitResearch" */ = {
			isa = XCConfigurationList;
			buildConfigurations = (
				AA49D2FE1F735E9D002B8394 /* Debug */,
				AA49D2FF1F735E9D002B8394 /* Release */,
			);
			defaultConfigurationIsVisible = 0;
			defaultConfigurationName = Release;
		};
/* End XCConfigurationList section */
	};
	rootObject = AA49D2DD1F735E9D002B8394 /* Project object */;
}
