// !$*UTF8*$!
{
	archiveVersion = 1;
	classes = {
	};
	objectVersion = 48;
	objects = {

/* Begin PBXBuildFile section */
		229489D01EED1968003679B9 /* AppDelegate.m in Sources */ = {isa = PBXBuildFile; fileRef = 229489CF1EED1968003679B9 /* AppDelegate.m */; };
		229489D31EED1968003679B9 /* ViewController.m in Sources */ = {isa = PBXBuildFile; fileRef = 229489D21EED1968003679B9 /* ViewController.m */; };
		229489D61EED1968003679B9 /* Main.storyboard in Resources */ = {isa = PBXBuildFile; fileRef = 229489D41EED1968003679B9 /* Main.storyboard */; };
		229489D81EED1968003679B9 /* Assets.xcassets in Resources */ = {isa = PBXBuildFile; fileRef = 229489D71EED1968003679B9 /* Assets.xcassets */; };
		229489DB1EED1968003679B9 /* LaunchScreen.storyboard in Resources */ = {isa = PBXBuildFile; fileRef = 229489D91EED1968003679B9 /* LaunchScreen.storyboard */; };
		229489DE1EED1968003679B9 /* main.m in Sources */ = {isa = PBXBuildFile; fileRef = 229489DD1EED1968003679B9 /* main.m */; };
		229489E61EED1AA8003679B9 /* ARSCNViewViewController.m in Sources */ = {isa = PBXBuildFile; fileRef = 229489E51EED1AA8003679B9 /* ARSCNViewViewController.m */; };
		229489E81EED1E64003679B9 /* Models.scnassets in Resources */ = {isa = PBXBuildFile; fileRef = 229489E71EED1E64003679B9 /* Models.scnassets */; };
/* End PBXBuildFile section */

/* Begin PBXFileReference section */
		229489CB1EED1968003679B9 /* ARKit自定义实现.app */ = {isa = PBXFileReference; explicitFileType = wrapper.application; includeInIndex = 0; path = "ARKit自定义实现.app"; sourceTree = BUILT_PRODUCTS_DIR; };
		229489CE1EED1968003679B9 /* AppDelegate.h */ = {isa = PBXFileReference; lastKnownFileType = sourcecode.c.h; path = AppDelegate.h; sourceTree = "<group>"; };
		229489CF1EED1968003679B9 /* AppDelegate.m */ = {isa = PBXFileReference; lastKnownFileType = sourcecode.c.objc; path = AppDelegate.m; sourceTree = "<group>"; };
		229489D11EED1968003679B9 /* ViewController.h */ = {isa = PBXFileReference; lastKnownFileType = sourcecode.c.h; path = ViewController.h; sourceTree = "<group>"; };
		229489D21EED1968003679B9 /* ViewController.m */ = {isa = PBXFileReference; lastKnownFileType = sourcecode.c.objc; path = ViewController.m; sourceTree = "<group>"; };
		229489D51EED1968003679B9 /* Base */ = {isa = PBXFileReference; lastKnownFileType = file.storyboard; name = Base; path = Base.lproj/Main.storyboard; sourceTree = "<group>"; };
		229489D71EED1968003679B9 /* Assets.xcassets */ = {isa = PBXFileReference; lastKnownFileType = folder.assetcatalog; path = Assets.xcassets; sourceTree = "<group>"; };
		229489DA1EED1968003679B9 /* Base */ = {isa = PBXFileReference; lastKnownFileType = file.storyboard; name = Base; path = Base.lproj/LaunchScreen.storyboard; sourceTree = "<group>"; };
		229489DC1EED1968003679B9 /* Info.plist */ = {isa = PBXFileReference; lastKnownFileType = text.plist.xml; path = Info.plist; sourceTree = "<group>"; };
		229489DD1EED1968003679B9 /* main.m */ = {isa = PBXFileReference; lastKnownFileType = sourcecode.c.objc; path = main.m; sourceTree = "<group>"; };
		229489E41EED1AA8003679B9 /* ARSCNViewViewController.h */ = {isa = PBXFileReference; lastKnownFileType = sourcecode.c.h; path = ARSCNViewViewController.h; sourceTree = "<group>"; };
		229489E51EED1AA8003679B9 /* ARSCNViewViewController.m */ = {isa = PBXFileReference; lastKnownFileType = sourcecode.c.objc; path = ARSCNViewViewController.m; sourceTree = "<group>"; };
		229489E71EED1E64003679B9 /* Models.scnassets */ = {isa = PBXFileReference; lastKnownFileType = wrapper.scnassets; path = Models.scnassets; sourceTree = "<group>"; };
/* End PBXFileReference section */

/* Begin PBXFrameworksBuildPhase section */
		229489C81EED1968003679B9 /* Frameworks */ = {
			isa = PBXFrameworksBuildPhase;
			buildActionMask = 2147483647;
			files = (
			);
			runOnlyForDeploymentPostprocessing = 0;
		};
/* End PBXFrameworksBuildPhase section */

/* Begin PBXGroup section */
		229489C21EED1968003679B9 = {
			isa = PBXGroup;
			children = (
				229489CD1EED1968003679B9 /* ARKit自定义实现 */,
				229489CC1EED1968003679B9 /* Products */,
			);
			sourceTree = "<group>";
		};
		229489CC1EED1968003679B9 /* Products */ = {
			isa = PBXGroup;
			children = (
				229489CB1EED1968003679B9 /* ARKit自定义实现.app */,
			);
			name = Products;
			sourceTree = "<group>";
		};
		229489CD1EED1968003679B9 /* ARKit自定义实现 */ = {
			isa = PBXGroup;
			children = (
				229489CE1EED1968003679B9 /* AppDelegate.h */,
				229489CF1EED1968003679B9 /* AppDelegate.m */,
				229489D11EED1968003679B9 /* ViewController.h */,
				229489D21EED1968003679B9 /* ViewController.m */,
				229489E41EED1AA8003679B9 /* ARSCNViewViewController.h */,
				229489E51EED1AA8003679B9 /* ARSCNViewViewController.m */,
				229489D41EED1968003679B9 /* Main.storyboard */,
				229489E71EED1E64003679B9 /* Models.scnassets */,
				229489D71EED1968003679B9 /* Assets.xcassets */,
				229489D91EED1968003679B9 /* LaunchScreen.storyboard */,
				229489DC1EED1968003679B9 /* Info.plist */,
				229489DD1EED1968003679B9 /* main.m */,
			);
			path = "ARKit自定义实现";
			sourceTree = "<group>";
		};
/* End PBXGroup section */

/* Begin PBXNativeTarget section */
		229489CA1EED1968003679B9 /* ARKit自定义实现 */ = {
			isa = PBXNativeTarget;
			buildConfigurationList = 229489E11EED1968003679B9 /* Build configuration list for PBXNativeTarget "ARKit自定义实现" */;
			buildPhases = (
				229489C71EED1968003679B9 /* Sources */,
				229489C81EED1968003679B9 /* Frameworks */,
				229489C91EED1968003679B9 /* Resources */,
			);
			buildRules = (
			);
			dependencies = (
			);
			name = "ARKit自定义实现";
			productName = "ARKit自定义实现";
			productReference = 229489CB1EED1968003679B9 /* ARKit自定义实现.app */;
			productType = "com.apple.product-type.application";
		};
/* End PBXNativeTarget section */

/* Begin PBXProject section */
		229489C31EED1968003679B9 /* Project object */ = {
			isa = PBXProject;
			attributes = {
				LastUpgradeCheck = 0900;
				ORGANIZATIONNAME = "晓坤张";
				TargetAttributes = {
					229489CA1EED1968003679B9 = {
						CreatedOnToolsVersion = 9.0;
					};
				};
			};
			buildConfigurationList = 229489C61EED1968003679B9 /* Build configuration list for PBXProject "ARKit自定义实现" */;
			compatibilityVersion = "Xcode 8.0";
			developmentRegion = en;
			hasScannedForEncodings = 0;
			knownRegions = (
				en,
				Base,
			);
			mainGroup = 229489C21EED1968003679B9;
			productRefGroup = 229489CC1EED1968003679B9 /* Products */;
			projectDirPath = "";
			projectRoot = "";
			targets = (
				229489CA1EED1968003679B9 /* ARKit自定义实现 */,
			);
		};
/* End PBXProject section */

/* Begin PBXResourcesBuildPhase section */
		229489C91EED1968003679B9 /* Resources */ = {
			isa = PBXResourcesBuildPhase;
			buildActionMask = 2147483647;
			files = (
				229489DB1EED1968003679B9 /* LaunchScreen.storyboard in Resources */,
				229489E81EED1E64003679B9 /* Models.scnassets in Resources */,
				229489D81EED1968003679B9 /* Assets.xcassets in Resources */,
				229489D61EED1968003679B9 /* Main.storyboard in Resources */,
			);
			runOnlyForDeploymentPostprocessing = 0;
		};
/* End PBXResourcesBuildPhase section */

/* Begin PBXSourcesBuildPhase section */
		229489C71EED1968003679B9 /* Sources */ = {
			isa = PBXSourcesBuildPhase;
			buildActionMask = 2147483647;
			files = (
				229489D31EED1968003679B9 /* ViewController.m in Sources */,
				229489E61EED1AA8003679B9 /* ARSCNViewViewController.m in Sources */,
				229489DE1EED1968003679B9 /* main.m in Sources */,
				229489D01EED1968003679B9 /* AppDelegate.m in Sources */,
			);
			runOnlyForDeploymentPostprocessing = 0;
		};
/* End PBXSourcesBuildPhase section */

/* Begin PBXVariantGroup section */
		229489D41EED1968003679B9 /* Main.storyboard */ = {
			isa = PBXVariantGroup;
			children = (
				229489D51EED1968003679B9 /* Base */,
			);
			name = Main.storyboard;
			sourceTree = "<group>";
		};
		229489D91EED1968003679B9 /* LaunchScreen.storyboard */ = {
			isa = PBXVariantGroup;
			children = (
				229489DA1EED1968003679B9 /* Base */,
			);
			name = LaunchScreen.storyboard;
			sourceTree = "<group>";
		};
/* End PBXVariantGroup section */

/* Begin XCBuildConfiguration section */
		229489DF1EED1968003679B9 /* Debug */ = {
			isa = XCBuildConfiguration;
			buildSettings = {
				ALWAYS_SEARCH_USER_PATHS = NO;
				CLANG_ANALYZER_NONNULL = YES;
				CLANG_ANALYZER_NUMBER_OBJECT_CONVERSION = YES_AGGRESSIVE;
				CLANG_CXX_LANGUAGE_STANDARD = "gnu++14";
				CLANG_CXX_LIBRARY = "libc++";
				CLANG_ENABLE_MODULES = YES;
				CLANG_ENABLE_OBJC_ARC = YES;
				CLANG_WARN_BLOCK_CAPTURE_AUTORELEASING = YES;
				CLANG_WARN_BOOL_CONVERSION = YES;
				CLANG_WARN_COMMA = YES;
				CLANG_WARN_CONSTANT_CONVERSION = YES;
				CLANG_WARN_DIRECT_OBJC_ISA_USAGE = YES_ERROR;
				CLANG_WARN_DOCUMENTATION_COMMENTS = YES;
				CLANG_WARN_EMPTY_BODY = YES;
				CLANG_WARN_ENUM_CONVERSION = YES;
				CLANG_WARN_INFINITE_RECURSION = YES;
				CLANG_WARN_INT_CONVERSION = YES;
				CLANG_WARN_OBJC_ROOT_CLASS = YES_ERROR;
				CLANG_WARN_RANGE_LOOP_ANALYSIS = YES;
				CLANG_WARN_STRICT_PROTOTYPES = YES;
				CLANG_WARN_SUSPICIOUS_MOVE = YES;
				CLANG_WARN_UNGUARDED_AVAILABILITY = YES_AGGRESSIVE;
				CLANG_WARN_UNREACHABLE_CODE = YES;
				CLANG_WARN__DUPLICATE_METHOD_MATCH = YES;
				CODE_SIGN_IDENTITY = "iPhone Developer";
				COPY_PHASE_STRIP = NO;
				DEBUG_INFORMATION_FORMAT = dwarf;
				ENABLE_STRICT_OBJC_MSGSEND = YES;
				ENABLE_TESTABILITY = YES;
				GCC_C_LANGUAGE_STANDARD = gnu11;
				GCC_DYNAMIC_NO_PIC = NO;
				GCC_NO_COMMON_BLOCKS = YES;
				GCC_OPTIMIZATION_LEVEL = 0;
				GCC_PREPROCESSOR_DEFINITIONS = (
					"DEBUG=1",
					"$(inherited)",
				);
				GCC_WARN_64_TO_32_BIT_CONVERSION = YES;
				GCC_WARN_ABOUT_RETURN_TYPE = YES_ERROR;
				GCC_WARN_UNDECLARED_SELECTOR = YES;
				GCC_WARN_UNINITIALIZED_AUTOS = YES_AGGRESSIVE;
				GCC_WARN_UNUSED_FUNCTION = YES;
				GCC_WARN_UNUSED_VARIABLE = YES;
				IPHONEOS_DEPLOYMENT_TARGET = 11.0;
				MTL_ENABLE_DEBUG_INFO = YES;
				ONLY_ACTIVE_ARCH = YES;
				SDKROOT = iphoneos;
			};
			name = Debug;
		};
		229489E01EED1968003679B9 /* Release */ = {
			isa = XCBuildConfiguration;
			buildSettings = {
				ALWAYS_SEARCH_USER_PATHS = NO;
				CLANG_ANALYZER_NONNULL = YES;
				CLANG_ANALYZER_NUMBER_OBJECT_CONVERSION = YES_AGGRESSIVE;
				CLANG_CXX_LANGUAGE_STANDARD = "gnu++14";
				CLANG_CXX_LIBRARY = "libc++";
				CLANG_ENABLE_MODULES = YES;
				CLANG_ENABLE_OBJC_ARC = YES;
				CLANG_WARN_BLOCK_CAPTURE_AUTORELEASING = YES;
				CLANG_WARN_BOOL_CONVERSION = YES;
				CLANG_WARN_COMMA = YES;
				CLANG_WARN_CONSTANT_CONVERSION = YES;
				CLANG_WARN_DIRECT_OBJC_ISA_USAGE = YES_ERROR;
				CLANG_WARN_DOCUMENTATION_COMMENTS = YES;
				CLANG_WARN_EMPTY_BODY = YES;
				CLANG_WARN_ENUM_CONVERSION = YES;
				CLANG_WARN_INFINITE_RECURSION = YES;
				CLANG_WARN_INT_CONVERSION = YES;
				CLANG_WARN_OBJC_ROOT_CLASS = YES_ERROR;
				CLANG_WARN_RANGE_LOOP_ANALYSIS = YES;
				CLANG_WARN_STRICT_PROTOTYPES = YES;
				CLANG_WARN_SUSPICIOUS_MOVE = YES;
				CLANG_WARN_UNGUARDED_AVAILABILITY = YES_AGGRESSIVE;
				CLANG_WARN_UNREACHABLE_CODE = YES;
				CLANG_WARN__DUPLICATE_METHOD_MATCH = YES;
				CODE_SIGN_IDENTITY = "iPhone Developer";
				COPY_PHASE_STRIP = NO;
				DEBUG_INFORMATION_FORMAT = "dwarf-with-dsym";
				ENABLE_NS_ASSERTIONS = NO;
				ENABLE_STRICT_OBJC_MSGSEND = YES;
				GCC_C_LANGUAGE_STANDARD = gnu11;
				GCC_NO_COMMON_BLOCKS = YES;
				GCC_WARN_64_TO_32_BIT_CONVERSION = YES;
				GCC_WARN_ABOUT_RETURN_TYPE = YES_ERROR;
				GCC_WARN_UNDECLARED_SELECTOR = YES;
				GCC_WARN_UNINITIALIZED_AUTOS = YES_AGGRESSIVE;
				GCC_WARN_UNUSED_FUNCTION = YES;
				GCC_WARN_UNUSED_VARIABLE = YES;
				IPHONEOS_DEPLOYMENT_TARGET = 11.0;
				MTL_ENABLE_DEBUG_INFO = NO;
				SDKROOT = iphoneos;
				VALIDATE_PRODUCT = YES;
			};
			name = Release;
		};
		229489E21EED1968003679B9 /* Debug */ = {
			isa = XCBuildConfiguration;
			buildSettings = {
				ASSETCATALOG_COMPILER_APPICON_NAME = AppIcon;
				DEVELOPMENT_TEAM = LESEXUKLEU;
				INFOPLIST_FILE = "ARKit自定义实现/Info.plist";
				LD_RUNPATH_SEARCH_PATHS = "$(inherited) @executable_path/Frameworks";
				PRODUCT_BUNDLE_IDENTIFIER = "itheima.ARKitxinqi----";
				PRODUCT_NAME = "$(TARGET_NAME)";
				TARGETED_DEVICE_FAMILY = "1,2";
			};
			name = Debug;
		};
		229489E31EED1968003679B9 /* Release */ = {
			isa = XCBuildConfiguration;
			buildSettings = {
				ASSETCATALOG_COMPILER_APPICON_NAME = AppIcon;
				DEVELOPMENT_TEAM = LESEXUKLEU;
				INFOPLIST_FILE = "ARKit自定义实现/Info.plist";
				LD_RUNPATH_SEARCH_PATHS = "$(inherited) @executable_path/Frameworks";
				PRODUCT_BUNDLE_IDENTIFIER = "itheima.ARKitxinqi----";
				PRODUCT_NAME = "$(TARGET_NAME)";
				TARGETED_DEVICE_FAMILY = "1,2";
			};
			name = Release;
		};
/* End XCBuildConfiguration section */

/* Begin XCConfigurationList section */
		229489C61EED1968003679B9 /* Build configuration list for PBXProject "ARKit自定义实现" */ = {
			isa = XCConfigurationList;
			buildConfigurations = (
				229489DF1EED1968003679B9 /* Debug */,
				229489E01EED1968003679B9 /* Release */,
			);
			defaultConfigurationIsVisible = 0;
			defaultConfigurationName = Release;
		};
		229489E11EED1968003679B9 /* Build configuration list for PBXNativeTarget "ARKit自定义实现" */ = {
			isa = XCConfigurationList;
			buildConfigurations = (
				229489E21EED1968003679B9 /* Debug */,
				229489E31EED1968003679B9 /* Release */,
			);
			defaultConfigurationIsVisible = 0;
			defaultConfigurationName = Release;
		};
/* End XCConfigurationList section */
	};
	rootObject = 229489C31EED1968003679B9 /* Project object */;
}
